Microsoft Visual Studio Solution File, Format Version 12.00
# Visual Studio Version 17
VisualStudioVersion = 17.5.2.0
MinimumVisualStudioVersion = 10.0.40219.1
Project("{FAE04EC0-301F-11D3-BF4B-00C04F79EFBC}") = "csharp-starter01", "csharp-starter01.csproj", "{033017FA-F10D-62FD-96D7-BD5934DF1DF3}"
EndProject
Global
	GlobalSection(SolutionConfigurationPlatforms) = preSolution
		Debug|Any CPU = Debug|Any CPU
		Release|Any CPU = Release|Any CPU
	EndGlobalSection
	GlobalSection(ProjectConfigurationPlatforms) = postSolution
		{033017FA-F10D-62FD-96D7-BD5934DF1DF3}.Debug|Any CPU.ActiveCfg = Debug|Any CPU
		{033017FA-F10D-62FD-96D7-BD5934DF1DF3}.Debug|Any CPU.Build.0 = Debug|Any CPU
		{033017FA-F10D-62FD-96D7-BD5934DF1DF3}.Release|Any CPU.ActiveCfg = Release|Any CPU
		{033017FA-F10D-62FD-96D7-BD5934DF1DF3}.Release|Any CPU.Build.0 = Release|Any CPU
	EndGlobalSection
	GlobalSection(SolutionProperties) = preSolution
		HideSolutionNode = FALSE
	EndGlobalSection
	GlobalSection(ExtensibilityGlobals) = postSolution
		SolutionGuid = {5002BD23-3222-43F2-8B98-67CC5F8413B9}
	EndGlobalSection
EndGlobal
